
Microsoft Visual Studio Solution File, Format Version 12.00
# Visual Studio Version 17
VisualStudioVersion = 17.5.33530.505
MinimumVisualStudioVersion = 10.0.40219.1
Project("{FAE04EC0-301F-11D3-BF4B-00C04F79EFBC}") = "BackEnd", "BackEnd\BackEnd.csproj", "{4485462D-D357-49D6-8466-430B8B3C73B3}"
EndProject
Global
	GlobalSection(SolutionConfigurationPlatforms) = preSolution
		Debug|Any CPU = Debug|Any CPU
		Release|Any CPU = Release|Any CPU
	EndGlobalSection
	GlobalSection(ProjectConfigurationPlatforms) = postSolution
		{4485462D-D357-49D6-8466-430B8B3C73B3}.Debug|Any CPU.ActiveCfg = Debug|Any CPU
		{4485462D-D357-49D6-8466-430B8B3C73B3}.Debug|Any CPU.Build.0 = Debug|Any CPU
		{4485462D-D357-49D6-8466-430B8B3C73B3}.Release|Any CPU.ActiveCfg = Release|Any CPU
		{4485462D-D357-49D6-8466-430B8B3C73B3}.Release|Any CPU.Build.0 = Release|Any CPU
	EndGlobalSection
	GlobalSection(SolutionProperties) = preSolution
		HideSolutionNode = FALSE
	EndGlobalSection
	GlobalSection(ExtensibilityGlobals) = postSolution
		SolutionGuid = {90CC1F5E-2DFB-4E23-A810-82CB44CFA20E}
	EndGlobalSection
EndGlobal
